{
  "name": "kanban-eval-tools",
  "version": "1.0.0",
  "lockfileVersion": 3,
  "requires": true,
  "packages": {
    "": {
      "name": "kanban-eval-tools",
      "version": "1.0.0",
      "dependencies": {
        "@pnpm/linux-x64": "10.18.2",
        "playwright": "1.61.1"
      }
    },
    "node_modules/@pnpm/linux-x64": {
      "version": "10.18.2",
      "resolved": "https://registry.npmjs.org/@pnpm/linux-x64/-/linux-x64-10.18.2.tgz",
      "integrity": "sha512-dbkvc9PkfOgJVWxOHad/9EXm1OJNOBh/IUVRE40VqPQnLJVg/bj05J+yuQ4O78bH1ldozgb8/KDJb8PaeMWLWg==",
      "cpu": ["x64"],
      "os": ["linux"],
      "bin": {"pnpm": "pnpm"}
    },
    "node_modules/fsevents": {
      "version": "2.3.2",
      "resolved": "https://registry.npmjs.org/fsevents/-/fsevents-2.3.2.tgz",
      "integrity": "sha512-xiqMQR4xAeHTuB9uWm+fFRcIOgKBMiOBP+eXiyT7jsgVCq1bkVygt00oASowB7EdtpOHaaPgKt812P9ab+DDKA==",
      "optional": true,
      "os": ["darwin"]
    },
    "node_modules/playwright": {
      "version": "1.61.1",
      "resolved": "https://registry.npmjs.org/playwright/-/playwright-1.61.1.tgz",
      "integrity": "sha512-DWnY5o3YbLWK4GovuAVwpqL+1VwGNdUGrRr++8j8PtQQzvAVZUIMjKQ90fY689sEJZJBbZVw1rXaOKSTitkzPQ==",
      "dependencies": {"playwright-core": "1.61.1"},
      "bin": {"playwright": "cli.js"}
    },
    "node_modules/playwright-core": {
      "version": "1.61.1",
      "resolved": "https://registry.npmjs.org/playwright-core/-/playwright-core-1.61.1.tgz",
      "integrity": "sha512-h7Qlt6m4REp25qvIdvbDtVmD4LqVXfpRxhORv9L0jzETM05p4fuPJ3dKyuSXQxDSbXnmS79HAgi9589lGSpLkg==",
      "bin": {"playwright-core": "cli.js"}
    }
  }
}
